
Microsoft Visual Studio Solution File, Format Version 12.00
# Visual Studio Version 17
VisualStudioVersion = 17.8.34316.72
MinimumVisualStudioVersion = 10.0.40219.1
Project("{FAE04EC0-301F-11D3-BF4B-00C04F79EFBC}") = "PublisherReader.webApi", "PublisherReader\PublisherReader.webApi.csproj", "{FDBDD2F5-A74D-46D4-B8E6-372E10F3ECD2}"
EndProject
Global
	GlobalSection(SolutionConfigurationPlatforms) = preSolution
		Debug|Any CPU = Debug|Any CPU
		Release|Any CPU = Release|Any CPU
	EndGlobalSection
	GlobalSection(ProjectConfigurationPlatforms) = postSolution
		{FDBDD2F5-A74D-46D4-B8E6-372E10F3ECD2}.Debug|Any CPU.ActiveCfg = Debug|Any CPU
		{FDBDD2F5-A74D-46D4-B8E6-372E10F3ECD2}.Debug|Any CPU.Build.0 = Debug|Any CPU
		{FDBDD2F5-A74D-46D4-B8E6-372E10F3ECD2}.Release|Any CPU.ActiveCfg = Release|Any CPU
		{FDBDD2F5-A74D-46D4-B8E6-372E10F3ECD2}.Release|Any CPU.Build.0 = Release|Any CPU
	EndGlobalSection
	GlobalSection(SolutionProperties) = preSolution
		HideSolutionNode = FALSE
	EndGlobalSection
	GlobalSection(ExtensibilityGlobals) = postSolution
		SolutionGuid = {8E2DD12A-A2C3-4791-820E-86E4BA5EB335}
	EndGlobalSection
EndGlobal
